// !$*UTF8*$!
{
	archiveVersion = 1;
	classes = {
	};
	objectVersion = 55;
	objects = {

/* Begin PBXBuildFile section */
		DAC8421B28B6CB5D0012979D /* countries.json in Resources */ = {isa = PBXBuildFile; fileRef = DAC8421A28B6CB5D0012979D /* countries.json */; };
		DAC8421D28B6CC7B0012979D /* Countries.swift in Sources */ = {isa = PBXBuildFile; fileRef = DAC8421C28B6CC7B0012979D /* Countries.swift */; };
		DAC8421F28B6CCDA0012979D /* ItemSectionDetailedView.swift in Sources */ = {isa = PBXBuildFile; fileRef = DAC8421E28B6CCDA0012979D /* ItemSectionDetailedView.swift */; };
		DAC8422128B6CD1D0012979D /* CheckItemView.swift in Sources */ = {isa = PBXBuildFile; fileRef = DAC8422028B6CD1D0012979D /* CheckItemView.swift */; };
		DAC8422328B6CE5F0012979D /* HelperJSON.swift in Sources */ = {isa = PBXBuildFile; fileRef = DAC8422228B6CE5F0012979D /* HelperJSON.swift */; };
		DAC8422528B7CD9D0012979D /* Total.swift in Sources */ = {isa = PBXBuildFile; fileRef = DAC8422428B7CD9C0012979D /* Total.swift */; };
		DAC8422B28B900090012979D /* ItemSelectionViewModel.swift in Sources */ = {isa = PBXBuildFile; fileRef = DAC8422A28B900090012979D /* ItemSelectionViewModel.swift */; };
		DAD7B76D28B4CC4C00506AC4 /* TravelerCheckListApp.swift in Sources */ = {isa = PBXBuildFile; fileRef = DAD7B76C28B4CC4C00506AC4 /* TravelerCheckListApp.swift */; };
		DAD7B76F28B4CC4C00506AC4 /* ContentView.swift in Sources */ = {isa = PBXBuildFile; fileRef = DAD7B76E28B4CC4C00506AC4 /* ContentView.swift */; };
		DAD7B77128B4CC4F00506AC4 /* Assets.xcassets in Resources */ = {isa = PBXBuildFile; fileRef = DAD7B77028B4CC4F00506AC4 /* Assets.xcassets */; };
		DAD7B77428B4CC4F00506AC4 /* Preview Assets.xcassets in Resources */ = {isa = PBXBuildFile; fileRef = DAD7B77328B4CC4F00506AC4 /* Preview Assets.xcassets */; };
/* End PBXBuildFile section */

/* Begin PBXFileReference section */
		DAC8421A28B6CB5D0012979D /* countries.json */ = {isa = PBXFileReference; lastKnownFileType = text.json; path = countries.json; sourceTree = "<group>"; };
		DAC8421C28B6CC7B0012979D /* Countries.swift */ = {isa = PBXFileReference; lastKnownFileType = sourcecode.swift; path = Countries.swift; sourceTree = "<group>"; };
		DAC8421E28B6CCDA0012979D /* ItemSectionDetailedView.swift */ = {isa = PBXFileReference; lastKnownFileType = sourcecode.swift; path = ItemSectionDetailedView.swift; sourceTree = "<group>"; };
		DAC8422028B6CD1D0012979D /* CheckItemView.swift */ = {isa = PBXFileReference; lastKnownFileType = sourcecode.swift; path = CheckItemView.swift; sourceTree = "<group>"; };
		DAC8422228B6CE5F0012979D /* HelperJSON.swift */ = {isa = PBXFileReference; lastKnownFileType = sourcecode.swift; path = HelperJSON.swift; sourceTree = "<group>"; };
		DAC8422428B7CD9C0012979D /* Total.swift */ = {isa = PBXFileReference; lastKnownFileType = sourcecode.swift; path = Total.swift; sourceTree = "<group>"; };
		DAC8422A28B900090012979D /* ItemSelectionViewModel.swift */ = {isa = PBXFileReference; lastKnownFileType = sourcecode.swift; path = ItemSelectionViewModel.swift; sourceTree = "<group>"; };
		DAD7B76928B4CC4C00506AC4 /* TravelerCheckList.app */ = {isa = PBXFileReference; explicitFileType = wrapper.application; includeInIndex = 0; path = TravelerCheckList.app; sourceTree = BUILT_PRODUCTS_DIR; };
		DAD7B76C28B4CC4C00506AC4 /* TravelerCheckListApp.swift */ = {isa = PBXFileReference; lastKnownFileType = sourcecode.swift; path = TravelerCheckListApp.swift; sourceTree = "<group>"; };
		DAD7B76E28B4CC4C00506AC4 /* ContentView.swift */ = {isa = PBXFileReference; lastKnownFileType = sourcecode.swift; path = ContentView.swift; sourceTree = "<group>"; };
		DAD7B77028B4CC4F00506AC4 /* Assets.xcassets */ = {isa = PBXFileReference; lastKnownFileType = folder.assetcatalog; path = Assets.xcassets; sourceTree = "<group>"; };
		DAD7B77328B4CC4F00506AC4 /* Preview Assets.xcassets */ = {isa = PBXFileReference; lastKnownFileType = folder.assetcatalog; path = "Preview Assets.xcassets"; sourceTree = "<group>"; };
/* End PBXFileReference section */

/* Begin PBXFrameworksBuildPhase section */
		DAD7B76628B4CC4C00506AC4 /* Frameworks */ = {
			isa = PBXFrameworksBuildPhase;
			buildActionMask = 2147483647;
			files = (
			);
			runOnlyForDeploymentPostprocessing = 0;
		};
/* End PBXFrameworksBuildPhase section */

/* Begin PBXGroup section */
		DAC8422628B80F9A0012979D /* Views */ = {
			isa = PBXGroup;
			children = (
				DAD7B76E28B4CC4C00506AC4 /* ContentView.swift */,
				DAC8422028B6CD1D0012979D /* CheckItemView.swift */,
				DAC8421E28B6CCDA0012979D /* ItemSectionDetailedView.swift */,
				DAC8422428B7CD9C0012979D /* Total.swift */,
			);
			path = Views;
			sourceTree = "<group>";
		};
		DAC8422728B80FBF0012979D /* Helper */ = {
			isa = PBXGroup;
			children = (
				DAC8422228B6CE5F0012979D /* HelperJSON.swift */,
			);
			path = Helper;
			sourceTree = "<group>";
		};
		DAC8422828B80FE20012979D /* Model */ = {
			isa = PBXGroup;
			children = (
				DAC8421C28B6CC7B0012979D /* Countries.swift */,
			);
			path = Model;
			sourceTree = "<group>";
		};
		DAC8422928B8FFE90012979D /* ViewModel */ = {
			isa = PBXGroup;
			children = (
				DAC8422A28B900090012979D /* ItemSelectionViewModel.swift */,
			);
			path = ViewModel;
			sourceTree = "<group>";
		};
		DAD7B76028B4CC4C00506AC4 = {
			isa = PBXGroup;
			children = (
				DAD7B76B28B4CC4C00506AC4 /* TravelerCheckList */,
				DAD7B76A28B4CC4C00506AC4 /* Products */,
			);
			sourceTree = "<group>";
		};
		DAD7B76A28B4CC4C00506AC4 /* Products */ = {
			isa = PBXGroup;
			children = (
				DAD7B76928B4CC4C00506AC4 /* TravelerCheckList.app */,
			);
			name = Products;
			sourceTree = "<group>";
		};
		DAD7B76B28B4CC4C00506AC4 /* TravelerCheckList */ = {
			isa = PBXGroup;
			children = (
				DAC8422928B8FFE90012979D /* ViewModel */,
				DAC8422828B80FE20012979D /* Model */,
				DAC8422728B80FBF0012979D /* Helper */,
				DAC8422628B80F9A0012979D /* Views */,
				DAD7B76C28B4CC4C00506AC4 /* TravelerCheckListApp.swift */,
				DAD7B77028B4CC4F00506AC4 /* Assets.xcassets */,
				DAD7B77228B4CC4F00506AC4 /* Preview Content */,
				DAC8421A28B6CB5D0012979D /* countries.json */,
			);
			path = TravelerCheckList;
			sourceTree = "<group>";
		};
		DAD7B77228B4CC4F00506AC4 /* Preview Content */ = {
			isa = PBXGroup;
			children = (
				DAD7B77328B4CC4F00506AC4 /* Preview Assets.xcassets */,
			);
			path = "Preview Content";
			sourceTree = "<group>";
		};
/* End PBXGroup section */

/* Begin PBXNativeTarget section */
		DAD7B76828B4CC4C00506AC4 /* TravelerCheckList */ = {
			isa = PBXNativeTarget;
			buildConfigurationList = DAD7B77728B4CC4F00506AC4 /* Build configuration list for PBXNativeTarget "TravelerCheckList" */;
			buildPhases = (
				DAD7B76528B4CC4C00506AC4 /* Sources */,
				DAD7B76628B4CC4C00506AC4 /* Frameworks */,
				DAD7B76728B4CC4C00506AC4 /* Resources */,
			);
			buildRules = (
			);
			dependencies = (
			);
			name = TravelerCheckList;
			productName = test_23_08;
			productReference = DAD7B76928B4CC4C00506AC4 /* TravelerCheckList.app */;
			productType = "com.apple.product-type.application";
		};
/* End PBXNativeTarget section */

/* Begin PBXProject section */
		DAD7B76128B4CC4C00506AC4 /* Project object */ = {
			isa = PBXProject;
			attributes = {
				BuildIndependentTargetsInParallel = 1;
				LastSwiftUpdateCheck = 1340;
				LastUpgradeCheck = 1340;
				TargetAttributes = {
					DAD7B76828B4CC4C00506AC4 = {
						CreatedOnToolsVersion = 13.4.1;
					};
				};
			};
			buildConfigurationList = DAD7B76428B4CC4C00506AC4 /* Build configuration list for PBXProject "TravelerCheckList" */;
			compatibilityVersion = "Xcode 13.0";
			developmentRegion = en;
			hasScannedForEncodings = 0;
			knownRegions = (
				en,
				Base,
			);
			mainGroup = DAD7B76028B4CC4C00506AC4;
			productRefGroup = DAD7B76A28B4CC4C00506AC4 /* Products */;
			projectDirPath = "";
			projectRoot = "";
			targets = (
				DAD7B76828B4CC4C00506AC4 /* TravelerCheckList */,
			);
		};
/* End PBXProject section */

/* Begin PBXResourcesBuildPhase section */
		DAD7B76728B4CC4C00506AC4 /* Resources */ = {
			isa = PBXResourcesBuildPhase;
			buildActionMask = 2147483647;
			files = (
				DAC8421B28B6CB5D0012979D /* countries.json in Resources */,
				DAD7B77428B4CC4F00506AC4 /* Preview Assets.xcassets in Resources */,
				DAD7B77128B4CC4F00506AC4 /* Assets.xcassets in Resources */,
			);
			runOnlyForDeploymentPostprocessing = 0;
		};
/* End PBXResourcesBuildPhase section */

/* Begin PBXSourcesBuildPhase section */
		DAD7B76528B4CC4C00506AC4 /* Sources */ = {
			isa = PBXSourcesBuildPhase;
			buildActionMask = 2147483647;
			files = (
				DAC8422B28B900090012979D /* ItemSelectionViewModel.swift in Sources */,
				DAD7B76F28B4CC4C00506AC4 /* ContentView.swift in Sources */,
				DAC8422528B7CD9D0012979D /* Total.swift in Sources */,
				DAC8421D28B6CC7B0012979D /* Countries.swift in Sources */,
				DAD7B76D28B4CC4C00506AC4 /* TravelerCheckListApp.swift in Sources */,
				DAC8421F28B6CCDA0012979D /* ItemSectionDetailedView.swift in Sources */,
				DAC8422128B6CD1D0012979D /* CheckItemView.swift in Sources */,
				DAC8422328B6CE5F0012979D /* HelperJSON.swift in Sources */,
			);
			runOnlyForDeploymentPostprocessing = 0;
		};
/* End PBXSourcesBuildPhase section */

/* Begin XCBuildConfiguration section */
		DAD7B77528B4CC4F00506AC4 /* Debug */ = {
			isa = XCBuildConfiguration;
			buildSettings = {
				ALWAYS_SEARCH_USER_PATHS = NO;
				CLANG_ANALYZER_NONNULL = YES;
				CLANG_ANALYZER_NUMBER_OBJECT_CONVERSION = YES_AGGRESSIVE;
				CLANG_CXX_LANGUAGE_STANDARD = "gnu++17";
				CLANG_ENABLE_MODULES = YES;
				CLANG_ENABLE_OBJC_ARC = YES;
				CLANG_ENABLE_OBJC_WEAK = YES;
				CLANG_WARN_BLOCK_CAPTURE_AUTORELEASING = YES;
				CLANG_WARN_BOOL_CONVERSION = YES;
				CLANG_WARN_COMMA = YES;
				CLANG_WARN_CONSTANT_CONVERSION = YES;
				CLANG_WARN_DEPRECATED_OBJC_IMPLEMENTATIONS = YES;
				CLANG_WARN_DIRECT_OBJC_ISA_USAGE = YES_ERROR;
				CLANG_WARN_DOCUMENTATION_COMMENTS = YES;
				CLANG_WARN_EMPTY_BODY = YES;
				CLANG_WARN_ENUM_CONVERSION = YES;
				CLANG_WARN_INFINITE_RECURSION = YES;
				CLANG_WARN_INT_CONVERSION = YES;
				CLANG_WARN_NON_LITERAL_NULL_CONVERSION = YES;
				CLANG_WARN_OBJC_IMPLICIT_RETAIN_SELF = YES;
				CLANG_WARN_OBJC_LITERAL_CONVERSION = YES;
				CLANG_WARN_OBJC_ROOT_CLASS = YES_ERROR;
				CLANG_WARN_QUOTED_INCLUDE_IN_FRAMEWORK_HEADER = YES;
				CLANG_WARN_RANGE_LOOP_ANALYSIS = YES;
				CLANG_WARN_STRICT_PROTOTYPES = YES;
				CLANG_WARN_SUSPICIOUS_MOVE = YES;
				CLANG_WARN_UNGUARDED_AVAILABILITY = YES_AGGRESSIVE;
				CLANG_WARN_UNREACHABLE_CODE = YES;
				CLANG_WARN__DUPLICATE_METHOD_MATCH = YES;
				COPY_PHASE_STRIP = NO;
				DEBUG_INFORMATION_FORMAT = dwarf;
				ENABLE_STRICT_OBJC_MSGSEND = YES;
				ENABLE_TESTABILITY = YES;
				GCC_C_LANGUAGE_STANDARD = gnu11;
				GCC_DYNAMIC_NO_PIC = NO;
				GCC_NO_COMMON_BLOCKS = YES;
				GCC_OPTIMIZATION_LEVEL = 0;
				GCC_PREPROCESSOR_DEFINITIONS = (
					"DEBUG=1",
					"$(inherited)",
				);
				GCC_WARN_64_TO_32_BIT_CONVERSION = YES;
				GCC_WARN_ABOUT_RETURN_TYPE = YES_ERROR;
				GCC_WARN_UNDECLARED_SELECTOR = YES;
				GCC_WARN_UNINITIALIZED_AUTOS = YES_AGGRESSIVE;
				GCC_WARN_UNUSED_FUNCTION = YES;
				GCC_WARN_UNUSED_VARIABLE = YES;
				IPHONEOS_DEPLOYMENT_TARGET = 15.5;
				MTL_ENABLE_DEBUG_INFO = INCLUDE_SOURCE;
				MTL_FAST_MATH = YES;
				ONLY_ACTIVE_ARCH = YES;
				SDKROOT = iphoneos;
				SWIFT_ACTIVE_COMPILATION_CONDITIONS = DEBUG;
				SWIFT_OPTIMIZATION_LEVEL = "-Onone";
			};
			name = Debug;
		};
		DAD7B77628B4CC4F00506AC4 /* Release */ = {
			isa = XCBuildConfiguration;
			buildSettings = {
				ALWAYS_SEARCH_USER_PATHS = NO;
				CLANG_ANALYZER_NONNULL = YES;
				CLANG_ANALYZER_NUMBER_OBJECT_CONVERSION = YES_AGGRESSIVE;
				CLANG_CXX_LANGUAGE_STANDARD = "gnu++17";
				CLANG_ENABLE_MODULES = YES;
				CLANG_ENABLE_OBJC_ARC = YES;
				CLANG_ENABLE_OBJC_WEAK = YES;
				CLANG_WARN_BLOCK_CAPTURE_AUTORELEASING = YES;
				CLANG_WARN_BOOL_CONVERSION = YES;
				CLANG_WARN_COMMA = YES;
				CLANG_WARN_CONSTANT_CONVERSION = YES;
				CLANG_WARN_DEPRECATED_OBJC_IMPLEMENTATIONS = YES;
				CLANG_WARN_DIRECT_OBJC_ISA_USAGE = YES_ERROR;
				CLANG_WARN_DOCUMENTATION_COMMENTS = YES;
				CLANG_WARN_EMPTY_BODY = YES;
				CLANG_WARN_ENUM_CONVERSION = YES;
				CLANG_WARN_INFINITE_RECURSION = YES;
				CLANG_WARN_INT_CONVERSION = YES;
				CLANG_WARN_NON_LITERAL_NULL_CONVERSION = YES;
				CLANG_WARN_OBJC_IMPLICIT_RETAIN_SELF = YES;
				CLANG_WARN_OBJC_LITERAL_CONVERSION = YES;
				CLANG_WARN_OBJC_ROOT_CLASS = YES_ERROR;
				CLANG_WARN_QUOTED_INCLUDE_IN_FRAMEWORK_HEADER = YES;
				CLANG_WARN_RANGE_LOOP_ANALYSIS = YES;
				CLANG_WARN_STRICT_PROTOTYPES = YES;
				CLANG_WARN_SUSPICIOUS_MOVE = YES;
				CLANG_WARN_UNGUARDED_AVAILABILITY = YES_AGGRESSIVE;
				CLANG_WARN_UNREACHABLE_CODE = YES;
				CLANG_WARN__DUPLICATE_METHOD_MATCH = YES;
				COPY_PHASE_STRIP = NO;
				DEBUG_INFORMATION_FORMAT = "dwarf-with-dsym";
				ENABLE_NS_ASSERTIONS = NO;
				ENABLE_STRICT_OBJC_MSGSEND = YES;
				GCC_C_LANGUAGE_STANDARD = gnu11;
				GCC_NO_COMMON_BLOCKS = YES;
				GCC_WARN_64_TO_32_BIT_CONVERSION = YES;
				GCC_WARN_ABOUT_RETURN_TYPE = YES_ERROR;
				GCC_WARN_UNDECLARED_SELECTOR = YES;
				GCC_WARN_UNINITIALIZED_AUTOS = YES_AGGRESSIVE;
				GCC_WARN_UNUSED_FUNCTION = YES;
				GCC_WARN_UNUSED_VARIABLE = YES;
				IPHONEOS_DEPLOYMENT_TARGET = 15.5;
				MTL_ENABLE_DEBUG_INFO = NO;
				MTL_FAST_MATH = YES;
				SDKROOT = iphoneos;
				SWIFT_COMPILATION_MODE = wholemodule;
				SWIFT_OPTIMIZATION_LEVEL = "-O";
				VALIDATE_PRODUCT = YES;
			};
			name = Release;
		};
		DAD7B77828B4CC4F00506AC4 /* Debug */ = {
			isa = XCBuildConfiguration;
			buildSettings = {
				ASSETCATALOG_COMPILER_APPICON_NAME = AppIcon;
				ASSETCATALOG_COMPILER_GLOBAL_ACCENT_COLOR_NAME = AccentColor;
				CODE_SIGN_STYLE = Automatic;
				CURRENT_PROJECT_VERSION = 1;
				DEVELOPMENT_ASSET_PATHS = "\"TravelerCheckList/Preview Content\"";
				DEVELOPMENT_TEAM = RC46XA99SX;
				ENABLE_PREVIEWS = YES;
				GENERATE_INFOPLIST_FILE = YES;
				INFOPLIST_KEY_UIApplicationSceneManifest_Generation = YES;
				INFOPLIST_KEY_UIApplicationSupportsIndirectInputEvents = YES;
				INFOPLIST_KEY_UILaunchScreen_Generation = YES;
				INFOPLIST_KEY_UISupportedInterfaceOrientations_iPad = "UIInterfaceOrientationPortrait UIInterfaceOrientationPortraitUpsideDown UIInterfaceOrientationLandscapeLeft UIInterfaceOrientationLandscapeRight";
				INFOPLIST_KEY_UISupportedInterfaceOrientations_iPhone = "UIInterfaceOrientationPortrait UIInterfaceOrientationLandscapeLeft UIInterfaceOrientationLandscapeRight";
				LD_RUNPATH_SEARCH_PATHS = (
					"$(inherited)",
					"@executable_path/Frameworks",
				);
				MARKETING_VERSION = 1.0;
				PRODUCT_BUNDLE_IDENTIFIER = com.wow.apps.TravelerCheckList;
				PRODUCT_NAME = TravelerCheckList;
				SWIFT_EMIT_LOC_STRINGS = YES;
				SWIFT_VERSION = 5.0;
				TARGETED_DEVICE_FAMILY = "1,2";
			};
			name = Debug;
		};
		DAD7B77928B4CC4F00506AC4 /* Release */ = {
			isa = XCBuildConfiguration;
			buildSettings = {
				ASSETCATALOG_COMPILER_APPICON_NAME = AppIcon;
				ASSETCATALOG_COMPILER_GLOBAL_ACCENT_COLOR_NAME = AccentColor;
				CODE_SIGN_STYLE = Automatic;
				CURRENT_PROJECT_VERSION = 1;
				DEVELOPMENT_ASSET_PATHS = "\"TravelerCheckList/Preview Content\"";
				DEVELOPMENT_TEAM = RC46XA99SX;
				ENABLE_PREVIEWS = YES;
				GENERATE_INFOPLIST_FILE = YES;
				INFOPLIST_KEY_UIApplicationSceneManifest_Generation = YES;
				INFOPLIST_KEY_UIApplicationSupportsIndirectInputEvents = YES;
				INFOPLIST_KEY_UILaunchScreen_Generation = YES;
				INFOPLIST_KEY_UISupportedInterfaceOrientations_iPad = "UIInterfaceOrientationPortrait UIInterfaceOrientationPortraitUpsideDown UIInterfaceOrientationLandscapeLeft UIInterfaceOrientationLandscapeRight";
				INFOPLIST_KEY_UISupportedInterfaceOrientations_iPhone = "UIInterfaceOrientationPortrait UIInterfaceOrientationLandscapeLeft UIInterfaceOrientationLandscapeRight";
				LD_RUNPATH_SEARCH_PATHS = (
					"$(inherited)",
					"@executable_path/Frameworks",
				);
				MARKETING_VERSION = 1.0;
				PRODUCT_BUNDLE_IDENTIFIER = com.wow.apps.TravelerCheckList;
				PRODUCT_NAME = TravelerCheckList;
				SWIFT_EMIT_LOC_STRINGS = YES;
				SWIFT_VERSION = 5.0;
				TARGETED_DEVICE_FAMILY = "1,2";
			};
			name = Release;
		};
/* End XCBuildConfiguration section */

/* Begin XCConfigurationList section */
		DAD7B76428B4CC4C00506AC4 /* Build configuration list for PBXProject "TravelerCheckList" */ = {
			isa = XCConfigurationList;
			buildConfigurations = (
				DAD7B77528B4CC4F00506AC4 /* Debug */,
				DAD7B77628B4CC4F00506AC4 /* Release */,
			);
			defaultConfigurationIsVisible = 0;
			defaultConfigurationName = Release;
		};
		DAD7B77728B4CC4F00506AC4 /* Build configuration list for PBXNativeTarget "TravelerCheckList" */ = {
			isa = XCConfigurationList;
			buildConfigurations = (
				DAD7B77828B4CC4F00506AC4 /* Debug */,
				DAD7B77928B4CC4F00506AC4 /* Release */,
			);
			defaultConfigurationIsVisible = 0;
			defaultConfigurationName = Release;
		};
/* End XCConfigurationList section */
	};
	rootObject = DAD7B76128B4CC4C00506AC4 /* Project object */;
}
